// !$*UTF8*$!
{
	archiveVersion = 1;
	classes = {
	};
	objectVersion = 77;
	objects = {

/* Begin PBXBuildFile section */
		FF147FB92CA83FC4000E33DE /* FirebaseAnalytics in Frameworks */ = {isa = PBXBuildFile; productRef = FF147FB82CA83FC4000E33DE /* FirebaseAnalytics */; };
		FF147FBB2CA83FC4000E33DE /* FirebaseAuth in Frameworks */ = {isa = PBXBuildFile; productRef = FF147FBA2CA83FC4000E33DE /* FirebaseAuth */; };
		FF147FBD2CA83FC4000E33DE /* FirebaseFirestore in Frameworks */ = {isa = PBXBuildFile; productRef = FF147FBC2CA83FC4000E33DE /* FirebaseFirestore */; };
		FF147FBF2CA83FC4000E33DE /* FirebaseStorage in Frameworks */ = {isa = PBXBuildFile; productRef = FF147FBE2CA83FC4000E33DE /* FirebaseStorage */; };
		FFFDAAF52CA95072001FAC3D /* SDWebImage in Frameworks */ = {isa = PBXBuildFile; productRef = FFFDAAF42CA95072001FAC3D /* SDWebImage */; };
		FFFDAAF72CA95077001FAC3D /* SDWebImageMapKit in Frameworks */ = {isa = PBXBuildFile; productRef = FFFDAAF62CA95077001FAC3D /* SDWebImageMapKit */; };
/* End PBXBuildFile section */

/* Begin PBXContainerItemProxy section */
		FF147F982CA766B5000E33DE /* PBXContainerItemProxy */ = {
			isa = PBXContainerItemProxy;
			containerPortal = FF147F792CA766B4000E33DE /* Project object */;
			proxyType = 1;
			remoteGlobalIDString = FF147F802CA766B4000E33DE;
			remoteInfo = InstaCloneF;
		};
		FF147FA22CA766B5000E33DE /* PBXContainerItemProxy */ = {
			isa = PBXContainerItemProxy;
			containerPortal = FF147F792CA766B4000E33DE /* Project object */;
			proxyType = 1;
			remoteGlobalIDString = FF147F802CA766B4000E33DE;
			remoteInfo = InstaCloneF;
		};
/* End PBXContainerItemProxy section */

/* Begin PBXFileReference section */
		FF147F812CA766B4000E33DE /* InstaCloneF.app */ = {isa = PBXFileReference; explicitFileType = wrapper.application; includeInIndex = 0; path = InstaCloneF.app; sourceTree = BUILT_PRODUCTS_DIR; };
		FF147F972CA766B5000E33DE /* InstaCloneFTests.xctest */ = {isa = PBXFileReference; explicitFileType = wrapper.cfbundle; includeInIndex = 0; path = InstaCloneFTests.xctest; sourceTree = BUILT_PRODUCTS_DIR; };
		FF147FA12CA766B5000E33DE /* InstaCloneFUITests.xctest */ = {isa = PBXFileReference; explicitFileType = wrapper.cfbundle; includeInIndex = 0; path = InstaCloneFUITests.xctest; sourceTree = BUILT_PRODUCTS_DIR; };
/* End PBXFileReference section */

/* Begin PBXFileSystemSynchronizedBuildFileExceptionSet section */
		FF147FA92CA766B5000E33DE /* Exceptions for "InstaCloneF" folder in "InstaCloneF" target */ = {
			isa = PBXFileSystemSynchronizedBuildFileExceptionSet;
			membershipExceptions = (
				Info.plist,
			);
			target = FF147F802CA766B4000E33DE /* InstaCloneF */;
		};
/* End PBXFileSystemSynchronizedBuildFileExceptionSet section */

/* Begin PBXFileSystemSynchronizedRootGroup section */
		FF147F832CA766B4000E33DE /* InstaCloneF */ = {
			isa = PBXFileSystemSynchronizedRootGroup;
			exceptions = (
				FF147FA92CA766B5000E33DE /* Exceptions for "InstaCloneF" folder in "InstaCloneF" target */,
			);
			path = InstaCloneF;
			sourceTree = "<group>";
		};
		FF147F9A2CA766B5000E33DE /* InstaCloneFTests */ = {
			isa = PBXFileSystemSynchronizedRootGroup;
			path = InstaCloneFTests;
			sourceTree = "<group>";
		};
		FF147FA42CA766B5000E33DE /* InstaCloneFUITests */ = {
			isa = PBXFileSystemSynchronizedRootGroup;
			path = InstaCloneFUITests;
			sourceTree = "<group>";
		};
/* End PBXFileSystemSynchronizedRootGroup section */

/* Begin PBXFrameworksBuildPhase section */
		FF147F7E2CA766B4000E33DE /* Frameworks */ = {
			isa = PBXFrameworksBuildPhase;
			buildActionMask = 2147483647;
			files = (
				FF147FB92CA83FC4000E33DE /* FirebaseAnalytics in Frameworks */,
				FF147FBF2CA83FC4000E33DE /* FirebaseStorage in Frameworks */,
				FF147FBB2CA83FC4000E33DE /* FirebaseAuth in Frameworks */,
				FF147FBD2CA83FC4000E33DE /* FirebaseFirestore in Frameworks */,
				FFFDAAF72CA95077001FAC3D /* SDWebImageMapKit in Frameworks */,
				FFFDAAF52CA95072001FAC3D /* SDWebImage in Frameworks */,
			);
			runOnlyForDeploymentPostprocessing = 0;
		};
		FF147F942CA766B5000E33DE /* Frameworks */ = {
			isa = PBXFrameworksBuildPhase;
			buildActionMask = 2147483647;
			files = (
			);
			runOnlyForDeploymentPostprocessing = 0;
		};
		FF147F9E2CA766B5000E33DE /* Frameworks */ = {
			isa = PBXFrameworksBuildPhase;
			buildActionMask = 2147483647;
			files = (
			);
			runOnlyForDeploymentPostprocessing = 0;
		};
/* End PBXFrameworksBuildPhase section */

/* Begin PBXGroup section */
		FF147F782CA766B4000E33DE = {
			isa = PBXGroup;
			children = (
				FF147F832CA766B4000E33DE /* InstaCloneF */,
				FF147F9A2CA766B5000E33DE /* InstaCloneFTests */,
				FF147FA42CA766B5000E33DE /* InstaCloneFUITests */,
				FFFDAAF32CA95072001FAC3D /* Frameworks */,
				FF147F822CA766B4000E33DE /* Products */,
			);
			sourceTree = "<group>";
		};
		FF147F822CA766B4000E33DE /* Products */ = {
			isa = PBXGroup;
			children = (
				FF147F812CA766B4000E33DE /* InstaCloneF.app */,
				FF147F972CA766B5000E33DE /* InstaCloneFTests.xctest */,
				FF147FA12CA766B5000E33DE /* InstaCloneFUITests.xctest */,
			);
			name = Products;
			sourceTree = "<group>";
		};
		FFFDAAF32CA95072001FAC3D /* Frameworks */ = {
			isa = PBXGroup;
			children = (
			);
			name = Frameworks;
			sourceTree = "<group>";
		};
/* End PBXGroup section */

/* Begin PBXNativeTarget section */
		FF147F802CA766B4000E33DE /* InstaCloneF */ = {
			isa = PBXNativeTarget;
			buildConfigurationList = FF147FAA2CA766B5000E33DE /* Build configuration list for PBXNativeTarget "InstaCloneF" */;
			buildPhases = (
				FF147F7D2CA766B4000E33DE /* Sources */,
				FF147F7E2CA766B4000E33DE /* Frameworks */,
				FF147F7F2CA766B4000E33DE /* Resources */,
			);
			buildRules = (
			);
			dependencies = (
			);
			fileSystemSynchronizedGroups = (
				FF147F832CA766B4000E33DE /* InstaCloneF */,
			);
			name = InstaCloneF;
			packageProductDependencies = (
				FF147FB82CA83FC4000E33DE /* FirebaseAnalytics */,
				FF147FBA2CA83FC4000E33DE /* FirebaseAuth */,
				FF147FBC2CA83FC4000E33DE /* FirebaseFirestore */,
				FF147FBE2CA83FC4000E33DE /* FirebaseStorage */,
				FFFDAAF42CA95072001FAC3D /* SDWebImage */,
				FFFDAAF62CA95077001FAC3D /* SDWebImageMapKit */,
			);
			productName = InstaCloneF;
			productReference = FF147F812CA766B4000E33DE /* InstaCloneF.app */;
			productType = "com.apple.product-type.application";
		};
		FF147F962CA766B5000E33DE /* InstaCloneFTests */ = {
			isa = PBXNativeTarget;
			buildConfigurationList = FF147FAF2CA766B5000E33DE /* Build configuration list for PBXNativeTarget "InstaCloneFTests" */;
			buildPhases = (
				FF147F932CA766B5000E33DE /* Sources */,
				FF147F942CA766B5000E33DE /* Frameworks */,
				FF147F952CA766B5000E33DE /* Resources */,
			);
			buildRules = (
			);
			dependencies = (
				FF147F992CA766B5000E33DE /* PBXTargetDependency */,
			);
			fileSystemSynchronizedGroups = (
				FF147F9A2CA766B5000E33DE /* InstaCloneFTests */,
			);
			name = InstaCloneFTests;
			packageProductDependencies = (
			);
			productName = InstaCloneFTests;
			productReference = FF147F972CA766B5000E33DE /* InstaCloneFTests.xctest */;
			productType = "com.apple.product-type.bundle.unit-test";
		};
		FF147FA02CA766B5000E33DE /* InstaCloneFUITests */ = {
			isa = PBXNativeTarget;
			buildConfigurationList = FF147FB22CA766B5000E33DE /* Build configuration list for PBXNativeTarget "InstaCloneFUITests" */;
			buildPhases = (
				FF147F9D2CA766B5000E33DE /* Sources */,
				FF147F9E2CA766B5000E33DE /* Frameworks */,
				FF147F9F2CA766B5000E33DE /* Resources */,
			);
			buildRules = (
			);
			dependencies = (
				FF147FA32CA766B5000E33DE /* PBXTargetDependency */,
			);
			fileSystemSynchronizedGroups = (
				FF147FA42CA766B5000E33DE /* InstaCloneFUITests */,
			);
			name = InstaCloneFUITests;
			packageProductDependencies = (
			);
			productName = InstaCloneFUITests;
			productReference = FF147FA12CA766B5000E33DE /* InstaCloneFUITests.xctest */;
			productType = "com.apple.product-type.bundle.ui-testing";
		};
/* End PBXNativeTarget section */

/* Begin PBXProject section */
		FF147F792CA766B4000E33DE /* Project object */ = {
			isa = PBXProject;
			attributes = {
				BuildIndependentTargetsInParallel = 1;
				LastSwiftUpdateCheck = 1600;
				LastUpgradeCheck = 1600;
				TargetAttributes = {
					FF147F802CA766B4000E33DE = {
						CreatedOnToolsVersion = 16.0;
					};
					FF147F962CA766B5000E33DE = {
						CreatedOnToolsVersion = 16.0;
						TestTargetID = FF147F802CA766B4000E33DE;
					};
					FF147FA02CA766B5000E33DE = {
						CreatedOnToolsVersion = 16.0;
						TestTargetID = FF147F802CA766B4000E33DE;
					};
				};
			};
			buildConfigurationList = FF147F7C2CA766B4000E33DE /* Build configuration list for PBXProject "InstaCloneF" */;
			developmentRegion = en;
			hasScannedForEncodings = 0;
			knownRegions = (
				en,
				Base,
			);
			mainGroup = FF147F782CA766B4000E33DE;
			minimizedProjectReferenceProxies = 1;
			packageReferences = (
				FF147FB72CA83FC4000E33DE /* XCRemoteSwiftPackageReference "firebase-ios-sdk" */,
				FFFDAAF22CA95051001FAC3D /* XCRemoteSwiftPackageReference "SDWebImage" */,
			);
			preferredProjectObjectVersion = 77;
			productRefGroup = FF147F822CA766B4000E33DE /* Products */;
			projectDirPath = "";
			projectRoot = "";
			targets = (
				FF147F802CA766B4000E33DE /* InstaCloneF */,
				FF147F962CA766B5000E33DE /* InstaCloneFTests */,
				FF147FA02CA766B5000E33DE /* InstaCloneFUITests */,
			);
		};
/* End PBXProject section */

/* Begin PBXResourcesBuildPhase section */
		FF147F7F2CA766B4000E33DE /* Resources */ = {
			isa = PBXResourcesBuildPhase;
			buildActionMask = 2147483647;
			files = (
			);
			runOnlyForDeploymentPostprocessing = 0;
		};
		FF147F952CA766B5000E33DE /* Resources */ = {
			isa = PBXResourcesBuildPhase;
			buildActionMask = 2147483647;
			files = (
			);
			runOnlyForDeploymentPostprocessing = 0;
		};
		FF147F9F2CA766B5000E33DE /* Resources */ = {
			isa = PBXResourcesBuildPhase;
			buildActionMask = 2147483647;
			files = (
			);
			runOnlyForDeploymentPostprocessing = 0;
		};
/* End PBXResourcesBuildPhase section */

/* Begin PBXSourcesBuildPhase section */
		FF147F7D2CA766B4000E33DE /* Sources */ = {
			isa = PBXSourcesBuildPhase;
			buildActionMask = 2147483647;
			files = (
			);
			runOnlyForDeploymentPostprocessing = 0;
		};
		FF147F932CA766B5000E33DE /* Sources */ = {
			isa = PBXSourcesBuildPhase;
			buildActionMask = 2147483647;
			files = (
			);
			runOnlyForDeploymentPostprocessing = 0;
		};
		FF147F9D2CA766B5000E33DE /* Sources */ = {
			isa = PBXSourcesBuildPhase;
			buildActionMask = 2147483647;
			files = (
			);
			runOnlyForDeploymentPostprocessing = 0;
		};
/* End PBXSourcesBuildPhase section */

/* Begin PBXTargetDependency section */
		FF147F992CA766B5000E33DE /* PBXTargetDependency */ = {
			isa = PBXTargetDependency;
			target = FF147F802CA766B4000E33DE /* InstaCloneF */;
			targetProxy = FF147F982CA766B5000E33DE /* PBXContainerItemProxy */;
		};
		FF147FA32CA766B5000E33DE /* PBXTargetDependency */ = {
			isa = PBXTargetDependency;
			target = FF147F802CA766B4000E33DE /* InstaCloneF */;
			targetProxy = FF147FA22CA766B5000E33DE /* PBXContainerItemProxy */;
		};
/* End PBXTargetDependency section */

/* Begin XCBuildConfiguration section */
		FF147FAB2CA766B5000E33DE /* Debug */ = {
			isa = XCBuildConfiguration;
			buildSettings = {
				ASSETCATALOG_COMPILER_APPICON_NAME = AppIcon;
				ASSETCATALOG_COMPILER_GLOBAL_ACCENT_COLOR_NAME = AccentColor;
				CODE_SIGN_STYLE = Automatic;
				CURRENT_PROJECT_VERSION = 1;
				GENERATE_INFOPLIST_FILE = YES;
				INFOPLIST_FILE = InstaCloneF/Info.plist;
				INFOPLIST_KEY_UIApplicationSupportsIndirectInputEvents = YES;
				INFOPLIST_KEY_UILaunchStoryboardName = LaunchScreen;
				INFOPLIST_KEY_UIMainStoryboardFile = Main;
				INFOPLIST_KEY_UISupportedInterfaceOrientations_iPad = "UIInterfaceOrientationPortrait UIInterfaceOrientationPortraitUpsideDown UIInterfaceOrientationLandscapeLeft UIInterfaceOrientationLandscapeRight";
				INFOPLIST_KEY_UISupportedInterfaceOrientations_iPhone = "UIInterfaceOrientationPortrait UIInterfaceOrientationLandscapeLeft UIInterfaceOrientationLandscapeRight";
				LD_RUNPATH_SEARCH_PATHS = (
					"$(inherited)",
					"@executable_path/Frameworks",
				);
				MARKETING_VERSION = 1.0;
				PRODUCT_BUNDLE_IDENTIFIER = com.omerapaydin.InstaCloneF;
				PRODUCT_NAME = "$(TARGET_NAME)";
				SWIFT_EMIT_LOC_STRINGS = YES;
				SWIFT_VERSION = 5.0;
				TARGETED_DEVICE_FAMILY = "1,2";
			};
			name = Debug;
		};
		FF147FAC2CA766B5000E33DE /* Release */ = {
			isa = XCBuildConfiguration;
			buildSettings = {
				ASSETCATALOG_COMPILER_APPICON_NAME = AppIcon;
				ASSETCATALOG_COMPILER_GLOBAL_ACCENT_COLOR_NAME = AccentColor;
				CODE_SIGN_STYLE = Automatic;
				CURRENT_PROJECT_VERSION = 1;
				GENERATE_INFOPLIST_FILE = YES;
				INFOPLIST_FILE = InstaCloneF/Info.plist;
				INFOPLIST_KEY_UIApplicationSupportsIndirectInputEvents = YES;
				INFOPLIST_KEY_UILaunchStoryboardName = LaunchScreen;
				INFOPLIST_KEY_UIMainStoryboardFile = Main;
				INFOPLIST_KEY_UISupportedInterfaceOrientations_iPad = "UIInterfaceOrientationPortrait UIInterfaceOrientationPortraitUpsideDown UIInterfaceOrientationLandscapeLeft UIInterfaceOrientationLandscapeRight";
				INFOPLIST_KEY_UISupportedInterfaceOrientations_iPhone = "UIInterfaceOrientationPortrait UIInterfaceOrientationLandscapeLeft UIInterfaceOrientationLandscapeRight";
				LD_RUNPATH_SEARCH_PATHS = (
					"$(inherited)",
					"@executable_path/Frameworks",
				);
				MARKETING_VERSION = 1.0;
				PRODUCT_BUNDLE_IDENTIFIER = com.omerapaydin.InstaCloneF;
				PRODUCT_NAME = "$(TARGET_NAME)";
				SWIFT_EMIT_LOC_STRINGS = YES;
				SWIFT_VERSION = 5.0;
				TARGETED_DEVICE_FAMILY = "1,2";
			};
			name = Release;
		};
		FF147FAD2CA766B5000E33DE /* Debug */ = {
			isa = XCBuildConfiguration;
			buildSettings = {
				ALWAYS_SEARCH_USER_PATHS = NO;
				ASSETCATALOG_COMPILER_GENERATE_SWIFT_ASSET_SYMBOL_EXTENSIONS = YES;
				CLANG_ANALYZER_NONNULL = YES;
				CLANG_ANALYZER_NUMBER_OBJECT_CONVERSION = YES_AGGRESSIVE;
				CLANG_CXX_LANGUAGE_STANDARD = "gnu++20";
				CLANG_ENABLE_MODULES = YES;
				CLANG_ENABLE_OBJC_ARC = YES;
				CLANG_ENABLE_OBJC_WEAK = YES;
				CLANG_WARN_BLOCK_CAPTURE_AUTORELEASING = YES;
				CLANG_WARN_BOOL_CONVERSION = YES;
				CLANG_WARN_COMMA = YES;
				CLANG_WARN_CONSTANT_CONVERSION = YES;
				CLANG_WARN_DEPRECATED_OBJC_IMPLEMENTATIONS = YES;
				CLANG_WARN_DIRECT_OBJC_ISA_USAGE = YES_ERROR;
				CLANG_WARN_DOCUMENTATION_COMMENTS = YES;
				CLANG_WARN_EMPTY_BODY = YES;
				CLANG_WARN_ENUM_CONVERSION = YES;
				CLANG_WARN_INFINITE_RECURSION = YES;
				CLANG_WARN_INT_CONVERSION = YES;
				CLANG_WARN_NON_LITERAL_NULL_CONVERSION = YES;
				CLANG_WARN_OBJC_IMPLICIT_RETAIN_SELF = YES;
				CLANG_WARN_OBJC_LITERAL_CONVERSION = YES;
				CLANG_WARN_OBJC_ROOT_CLASS = YES_ERROR;
				CLANG_WARN_QUOTED_INCLUDE_IN_FRAMEWORK_HEADER = YES;
				CLANG_WARN_RANGE_LOOP_ANALYSIS = YES;
				CLANG_WARN_STRICT_PROTOTYPES = YES;
				CLANG_WARN_SUSPICIOUS_MOVE = YES;
				CLANG_WARN_UNGUARDED_AVAILABILITY = YES_AGGRESSIVE;
				CLANG_WARN_UNREACHABLE_CODE = YES;
				CLANG_WARN__DUPLICATE_METHOD_MATCH = YES;
				COPY_PHASE_STRIP = NO;
				DEBUG_INFORMATION_FORMAT = dwarf;
				ENABLE_STRICT_OBJC_MSGSEND = YES;
				ENABLE_TESTABILITY = YES;
				ENABLE_USER_SCRIPT_SANDBOXING = YES;
				GCC_C_LANGUAGE_STANDARD = gnu17;
				GCC_DYNAMIC_NO_PIC = NO;
				GCC_NO_COMMON_BLOCKS = YES;
				GCC_OPTIMIZATION_LEVEL = 0;
				GCC_PREPROCESSOR_DEFINITIONS = (
					"DEBUG=1",
					"$(inherited)",
				);
				GCC_WARN_64_TO_32_BIT_CONVERSION = YES;
				GCC_WARN_ABOUT_RETURN_TYPE = YES_ERROR;
				GCC_WARN_UNDECLARED_SELECTOR = YES;
				GCC_WARN_UNINITIALIZED_AUTOS = YES_AGGRESSIVE;
				GCC_WARN_UNUSED_FUNCTION = YES;
				GCC_WARN_UNUSED_VARIABLE = YES;
				IPHONEOS_DEPLOYMENT_TARGET = 18.0;
				LOCALIZATION_PREFERS_STRING_CATALOGS = YES;
				MTL_ENABLE_DEBUG_INFO = INCLUDE_SOURCE;
				MTL_FAST_MATH = YES;
				ONLY_ACTIVE_ARCH = YES;
				SDKROOT = iphoneos;
				SWIFT_ACTIVE_COMPILATION_CONDITIONS = "DEBUG $(inherited)";
				SWIFT_OPTIMIZATION_LEVEL = "-Onone";
			};
			name = Debug;
		};
		FF147FAE2CA766B5000E33DE /* Release */ = {
			isa = XCBuildConfiguration;
			buildSettings = {
				ALWAYS_SEARCH_USER_PATHS = NO;
				ASSETCATALOG_COMPILER_GENERATE_SWIFT_ASSET_SYMBOL_EXTENSIONS = YES;
				CLANG_ANALYZER_NONNULL = YES;
				CLANG_ANALYZER_NUMBER_OBJECT_CONVERSION = YES_AGGRESSIVE;
				CLANG_CXX_LANGUAGE_STANDARD = "gnu++20";
				CLANG_ENABLE_MODULES = YES;
				CLANG_ENABLE_OBJC_ARC = YES;
				CLANG_ENABLE_OBJC_WEAK = YES;
				CLANG_WARN_BLOCK_CAPTURE_AUTORELEASING = YES;
				CLANG_WARN_BOOL_CONVERSION = YES;
				CLANG_WARN_COMMA = YES;
				CLANG_WARN_CONSTANT_CONVERSION = YES;
				CLANG_WARN_DEPRECATED_OBJC_IMPLEMENTATIONS = YES;
				CLANG_WARN_DIRECT_OBJC_ISA_USAGE = YES_ERROR;
				CLANG_WARN_DOCUMENTATION_COMMENTS = YES;
				CLANG_WARN_EMPTY_BODY = YES;
				CLANG_WARN_ENUM_CONVERSION = YES;
				CLANG_WARN_INFINITE_RECURSION = YES;
				CLANG_WARN_INT_CONVERSION = YES;
				CLANG_WARN_NON_LITERAL_NULL_CONVERSION = YES;
				CLANG_WARN_OBJC_IMPLICIT_RETAIN_SELF = YES;
				CLANG_WARN_OBJC_LITERAL_CONVERSION = YES;
				CLANG_WARN_OBJC_ROOT_CLASS = YES_ERROR;
				CLANG_WARN_QUOTED_INCLUDE_IN_FRAMEWORK_HEADER = YES;
				CLANG_WARN_RANGE_LOOP_ANALYSIS = YES;
				CLANG_WARN_STRICT_PROTOTYPES = YES;
				CLANG_WARN_SUSPICIOUS_MOVE = YES;
				CLANG_WARN_UNGUARDED_AVAILABILITY = YES_AGGRESSIVE;
				CLANG_WARN_UNREACHABLE_CODE = YES;
				CLANG_WARN__DUPLICATE_METHOD_MATCH = YES;
				COPY_PHASE_STRIP = NO;
				DEBUG_INFORMATION_FORMAT = "dwarf-with-dsym";
				ENABLE_NS_ASSERTIONS = NO;
				ENABLE_STRICT_OBJC_MSGSEND = YES;
				ENABLE_USER_SCRIPT_SANDBOXING = YES;
				GCC_C_LANGUAGE_STANDARD = gnu17;
				GCC_NO_COMMON_BLOCKS = YES;
				GCC_WARN_64_TO_32_BIT_CONVERSION = YES;
				GCC_WARN_ABOUT_RETURN_TYPE = YES_ERROR;
				GCC_WARN_UNDECLARED_SELECTOR = YES;
				GCC_WARN_UNINITIALIZED_AUTOS = YES_AGGRESSIVE;
				GCC_WARN_UNUSED_FUNCTION = YES;
				GCC_WARN_UNUSED_VARIABLE = YES;
				IPHONEOS_DEPLOYMENT_TARGET = 18.0;
				LOCALIZATION_PREFERS_STRING_CATALOGS = YES;
				MTL_ENABLE_DEBUG_INFO = NO;
				MTL_FAST_MATH = YES;
				SDKROOT = iphoneos;
				SWIFT_COMPILATION_MODE = wholemodule;
				VALIDATE_PRODUCT = YES;
			};
			name = Release;
		};
		FF147FB02CA766B5000E33DE /* Debug */ = {
			isa = XCBuildConfiguration;
			buildSettings = {
				BUNDLE_LOADER = "$(TEST_HOST)";
				CODE_SIGN_STYLE = Automatic;
				CURRENT_PROJECT_VERSION = 1;
				GENERATE_INFOPLIST_FILE = YES;
				IPHONEOS_DEPLOYMENT_TARGET = 18.0;
				MARKETING_VERSION = 1.0;
				PRODUCT_BUNDLE_IDENTIFIER = com.omerapaydin.InstaCloneFTests;
				PRODUCT_NAME = "$(TARGET_NAME)";
				SWIFT_EMIT_LOC_STRINGS = NO;
				SWIFT_VERSION = 5.0;
				TARGETED_DEVICE_FAMILY = "1,2";
				TEST_HOST = "$(BUILT_PRODUCTS_DIR)/InstaCloneF.app/$(BUNDLE_EXECUTABLE_FOLDER_PATH)/InstaCloneF";
			};
			name = Debug;
		};
		FF147FB12CA766B5000E33DE /* Release */ = {
			isa = XCBuildConfiguration;
			buildSettings = {
				BUNDLE_LOADER = "$(TEST_HOST)";
				CODE_SIGN_STYLE = Automatic;
				CURRENT_PROJECT_VERSION = 1;
				GENERATE_INFOPLIST_FILE = YES;
				IPHONEOS_DEPLOYMENT_TARGET = 18.0;
				MARKETING_VERSION = 1.0;
				PRODUCT_BUNDLE_IDENTIFIER = com.omerapaydin.InstaCloneFTests;
				PRODUCT_NAME = "$(TARGET_NAME)";
				SWIFT_EMIT_LOC_STRINGS = NO;
				SWIFT_VERSION = 5.0;
				TARGETED_DEVICE_FAMILY = "1,2";
				TEST_HOST = "$(BUILT_PRODUCTS_DIR)/InstaCloneF.app/$(BUNDLE_EXECUTABLE_FOLDER_PATH)/InstaCloneF";
			};
			name = Release;
		};
		FF147FB32CA766B5000E33DE /* Debug */ = {
			isa = XCBuildConfiguration;
			buildSettings = {
				CODE_SIGN_STYLE = Automatic;
				CURRENT_PROJECT_VERSION = 1;
				GENERATE_INFOPLIST_FILE = YES;
				MARKETING_VERSION = 1.0;
				PRODUCT_BUNDLE_IDENTIFIER = com.omerapaydin.InstaCloneFUITests;
				PRODUCT_NAME = "$(TARGET_NAME)";
				SWIFT_EMIT_LOC_STRINGS = NO;
				SWIFT_VERSION = 5.0;
				TARGETED_DEVICE_FAMILY = "1,2";
				TEST_TARGET_NAME = InstaCloneF;
			};
			name = Debug;
		};
		FF147FB42CA766B5000E33DE /* Release */ = {
			isa = XCBuildConfiguration;
			buildSettings = {
				CODE_SIGN_STYLE = Automatic;
				CURRENT_PROJECT_VERSION = 1;
				GENERATE_INFOPLIST_FILE = YES;
				MARKETING_VERSION = 1.0;
				PRODUCT_BUNDLE_IDENTIFIER = com.omerapaydin.InstaCloneFUITests;
				PRODUCT_NAME = "$(TARGET_NAME)";
				SWIFT_EMIT_LOC_STRINGS = NO;
				SWIFT_VERSION = 5.0;
				TARGETED_DEVICE_FAMILY = "1,2";
				TEST_TARGET_NAME = InstaCloneF;
			};
			name = Release;
		};
/* End XCBuildConfiguration section */

/* Begin XCConfigurationList section */
		FF147F7C2CA766B4000E33DE /* Build configuration list for PBXProject "InstaCloneF" */ = {
			isa = XCConfigurationList;
			buildConfigurations = (
				FF147FAD2CA766B5000E33DE /* Debug */,
				FF147FAE2CA766B5000E33DE /* Release */,
			);
			defaultConfigurationIsVisible = 0;
			defaultConfigurationName = Release;
		};
		FF147FAA2CA766B5000E33DE /* Build configuration list for PBXNativeTarget "InstaCloneF" */ = {
			isa = XCConfigurationList;
			buildConfigurations = (
				FF147FAB2CA766B5000E33DE /* Debug */,
				FF147FAC2CA766B5000E33DE /* Release */,
			);
			defaultConfigurationIsVisible = 0;
			defaultConfigurationName = Release;
		};
		FF147FAF2CA766B5000E33DE /* Build configuration list for PBXNativeTarget "InstaCloneFTests" */ = {
			isa = XCConfigurationList;
			buildConfigurations = (
				FF147FB02CA766B5000E33DE /* Debug */,
				FF147FB12CA766B5000E33DE /* Release */,
			);
			defaultConfigurationIsVisible = 0;
			defaultConfigurationName = Release;
		};
		FF147FB22CA766B5000E33DE /* Build configuration list for PBXNativeTarget "InstaCloneFUITests" */ = {
			isa = XCConfigurationList;
			buildConfigurations = (
				FF147FB32CA766B5000E33DE /* Debug */,
				FF147FB42CA766B5000E33DE /* Release */,
			);
			defaultConfigurationIsVisible = 0;
			defaultConfigurationName = Release;
		};
/* End XCConfigurationList section */

/* Begin XCRemoteSwiftPackageReference section */
		FF147FB72CA83FC4000E33DE /* XCRemoteSwiftPackageReference "firebase-ios-sdk" */ = {
			isa = XCRemoteSwiftPackageReference;
			repositoryURL = "https://github.com/firebase/firebase-ios-sdk";
			requirement = {
				kind = upToNextMajorVersion;
				minimumVersion = 11.2.0;
			};
		};
		FFFDAAF22CA95051001FAC3D /* XCRemoteSwiftPackageReference "SDWebImage" */ = {
			isa = XCRemoteSwiftPackageReference;
			repositoryURL = "https://github.com/SDWebImage/SDWebImage.git";
			requirement = {
				kind = upToNextMajorVersion;
				minimumVersion = 5.19.7;
			};
		};
/* End XCRemoteSwiftPackageReference section */

/* Begin XCSwiftPackageProductDependency section */
		FF147FB82CA83FC4000E33DE /* FirebaseAnalytics */ = {
			isa = XCSwiftPackageProductDependency;
			package = FF147FB72CA83FC4000E33DE /* XCRemoteSwiftPackageReference "firebase-ios-sdk" */;
			productName = FirebaseAnalytics;
		};
		FF147FBA2CA83FC4000E33DE /* FirebaseAuth */ = {
			isa = XCSwiftPackageProductDependency;
			package = FF147FB72CA83FC4000E33DE /* XCRemoteSwiftPackageReference "firebase-ios-sdk" */;
			productName = FirebaseAuth;
		};
		FF147FBC2CA83FC4000E33DE /* FirebaseFirestore */ = {
			isa = XCSwiftPackageProductDependency;
			package = FF147FB72CA83FC4000E33DE /* XCRemoteSwiftPackageReference "firebase-ios-sdk" */;
			productName = FirebaseFirestore;
		};
		FF147FBE2CA83FC4000E33DE /* FirebaseStorage */ = {
			isa = XCSwiftPackageProductDependency;
			package = FF147FB72CA83FC4000E33DE /* XCRemoteSwiftPackageReference "firebase-ios-sdk" */;
			productName = FirebaseStorage;
		};
		FFFDAAF42CA95072001FAC3D /* SDWebImage */ = {
			isa = XCSwiftPackageProductDependency;
			package = FFFDAAF22CA95051001FAC3D /* XCRemoteSwiftPackageReference "SDWebImage" */;
			productName = SDWebImage;
		};
		FFFDAAF62CA95077001FAC3D /* SDWebImageMapKit */ = {
			isa = XCSwiftPackageProductDependency;
			package = FFFDAAF22CA95051001FAC3D /* XCRemoteSwiftPackageReference "SDWebImage" */;
			productName = SDWebImageMapKit;
		};
/* End XCSwiftPackageProductDependency section */
	};
	rootObject = FF147F792CA766B4000E33DE /* Project object */;
}
